// !$*UTF8*$!
{
	archiveVersion = 1;
	classes = {
	};
	objectVersion = 56;
	objects = {

/* Begin PBXBuildFile section */
		226B54532AE6EA4800CB4474 /* AppDelegate.swift in Sources */ = {isa = PBXBuildFile; fileRef = 226B54522AE6EA4800CB4474 /* AppDelegate.swift */; };
		226B545C2AE6EA4A00CB4474 /* Assets.xcassets in Resources */ = {isa = PBXBuildFile; fileRef = 226B545B2AE6EA4A00CB4474 /* Assets.xcassets */; };
		226B545F2AE6EA4A00CB4474 /* LaunchScreen.storyboard in Resources */ = {isa = PBXBuildFile; fileRef = 226B545D2AE6EA4A00CB4474 /* LaunchScreen.storyboard */; };
		226B54692AE70FDB00CB4474 /* FullModel.swift in Sources */ = {isa = PBXBuildFile; fileRef = 226B54682AE70FDB00CB4474 /* FullModel.swift */; };
		226B546D2AE7108100CB4474 /* NetworkManager.swift in Sources */ = {isa = PBXBuildFile; fileRef = 226B546C2AE7108100CB4474 /* NetworkManager.swift */; };
		226B546F2AE710FB00CB4474 /* NetworkRequestModel.swift in Sources */ = {isa = PBXBuildFile; fileRef = 226B546E2AE710FB00CB4474 /* NetworkRequestModel.swift */; };
		226B54722AE7114F00CB4474 /* ServerConstants.swift in Sources */ = {isa = PBXBuildFile; fileRef = 226B54712AE7114F00CB4474 /* ServerConstants.swift */; };
		226B54752AE711C900CB4474 /* Coordinator.swift in Sources */ = {isa = PBXBuildFile; fileRef = 226B54742AE711C900CB4474 /* Coordinator.swift */; };
		226B547A2AE7126800CB4474 /* StationListView.swift in Sources */ = {isa = PBXBuildFile; fileRef = 226B54792AE7126800CB4474 /* StationListView.swift */; };
		226B547E2AE712F500CB4474 /* UViewController+ViewCast.swift in Sources */ = {isa = PBXBuildFile; fileRef = 226B547D2AE712F500CB4474 /* UViewController+ViewCast.swift */; };
		226B54802AE713FD00CB4474 /* F.swift in Sources */ = {isa = PBXBuildFile; fileRef = 226B547F2AE713FD00CB4474 /* F.swift */; };
		226B54842AE7174400CB4474 /* StationListViewController.swift in Sources */ = {isa = PBXBuildFile; fileRef = 226B54822AE7174400CB4474 /* StationListViewController.swift */; };
		226B54852AE7174400CB4474 /* StationListViewController.xib in Resources */ = {isa = PBXBuildFile; fileRef = 226B54832AE7174400CB4474 /* StationListViewController.xib */; };
		226B548C2AE718CD00CB4474 /* TableView+CellRegistration.swift in Sources */ = {isa = PBXBuildFile; fileRef = 226B548B2AE718CD00CB4474 /* TableView+CellRegistration.swift */; };
		226B548F2AE719B300CB4474 /* StationListTableViewCell.swift in Sources */ = {isa = PBXBuildFile; fileRef = 226B548D2AE719B300CB4474 /* StationListTableViewCell.swift */; };
		226B54902AE719B300CB4474 /* StationListTableViewCell.xib in Resources */ = {isa = PBXBuildFile; fileRef = 226B548E2AE719B300CB4474 /* StationListTableViewCell.xib */; };
		226B54932AE7C03C00CB4474 /* ServiceManager.swift in Sources */ = {isa = PBXBuildFile; fileRef = 226B54922AE7C03C00CB4474 /* ServiceManager.swift */; };
		226B54992AE806FC00CB4474 /* LocationService.swift in Sources */ = {isa = PBXBuildFile; fileRef = 226B54982AE806FC00CB4474 /* LocationService.swift */; };
/* End PBXBuildFile section */

/* Begin PBXFileReference section */
		226B544F2AE6EA4800CB4474 /* BikeSharingApp.app */ = {isa = PBXFileReference; explicitFileType = wrapper.application; includeInIndex = 0; path = BikeSharingApp.app; sourceTree = BUILT_PRODUCTS_DIR; };
		226B54522AE6EA4800CB4474 /* AppDelegate.swift */ = {isa = PBXFileReference; lastKnownFileType = sourcecode.swift; path = AppDelegate.swift; sourceTree = "<group>"; };
		226B545B2AE6EA4A00CB4474 /* Assets.xcassets */ = {isa = PBXFileReference; lastKnownFileType = folder.assetcatalog; path = Assets.xcassets; sourceTree = "<group>"; };
		226B545E2AE6EA4A00CB4474 /* Base */ = {isa = PBXFileReference; lastKnownFileType = file.storyboard; name = Base; path = Base.lproj/LaunchScreen.storyboard; sourceTree = "<group>"; };
		226B54602AE6EA4A00CB4474 /* Info.plist */ = {isa = PBXFileReference; lastKnownFileType = text.plist.xml; path = Info.plist; sourceTree = "<group>"; };
		226B54682AE70FDB00CB4474 /* FullModel.swift */ = {isa = PBXFileReference; lastKnownFileType = sourcecode.swift; path = FullModel.swift; sourceTree = "<group>"; };
		226B546C2AE7108100CB4474 /* NetworkManager.swift */ = {isa = PBXFileReference; lastKnownFileType = sourcecode.swift; path = NetworkManager.swift; sourceTree = "<group>"; };
		226B546E2AE710FB00CB4474 /* NetworkRequestModel.swift */ = {isa = PBXFileReference; lastKnownFileType = sourcecode.swift; path = NetworkRequestModel.swift; sourceTree = "<group>"; };
		226B54712AE7114F00CB4474 /* ServerConstants.swift */ = {isa = PBXFileReference; lastKnownFileType = sourcecode.swift; path = ServerConstants.swift; sourceTree = "<group>"; };
		226B54742AE711C900CB4474 /* Coordinator.swift */ = {isa = PBXFileReference; lastKnownFileType = sourcecode.swift; path = Coordinator.swift; sourceTree = "<group>"; };
		226B54792AE7126800CB4474 /* StationListView.swift */ = {isa = PBXFileReference; lastKnownFileType = sourcecode.swift; path = StationListView.swift; sourceTree = "<group>"; };
		226B547D2AE712F500CB4474 /* UViewController+ViewCast.swift */ = {isa = PBXFileReference; lastKnownFileType = sourcecode.swift; path = "UViewController+ViewCast.swift"; sourceTree = "<group>"; };
		226B547F2AE713FD00CB4474 /* F.swift */ = {isa = PBXFileReference; lastKnownFileType = sourcecode.swift; path = F.swift; sourceTree = "<group>"; };
		226B54822AE7174400CB4474 /* StationListViewController.swift */ = {isa = PBXFileReference; lastKnownFileType = sourcecode.swift; path = StationListViewController.swift; sourceTree = "<group>"; };
		226B54832AE7174400CB4474 /* StationListViewController.xib */ = {isa = PBXFileReference; lastKnownFileType = file.xib; path = StationListViewController.xib; sourceTree = "<group>"; };
		226B548B2AE718CD00CB4474 /* TableView+CellRegistration.swift */ = {isa = PBXFileReference; lastKnownFileType = sourcecode.swift; path = "TableView+CellRegistration.swift"; sourceTree = "<group>"; };
		226B548D2AE719B300CB4474 /* StationListTableViewCell.swift */ = {isa = PBXFileReference; lastKnownFileType = sourcecode.swift; path = StationListTableViewCell.swift; sourceTree = "<group>"; };
		226B548E2AE719B300CB4474 /* StationListTableViewCell.xib */ = {isa = PBXFileReference; lastKnownFileType = file.xib; path = StationListTableViewCell.xib; sourceTree = "<group>"; };
		226B54922AE7C03C00CB4474 /* ServiceManager.swift */ = {isa = PBXFileReference; lastKnownFileType = sourcecode.swift; path = ServiceManager.swift; sourceTree = "<group>"; };
		226B54982AE806FC00CB4474 /* LocationService.swift */ = {isa = PBXFileReference; lastKnownFileType = sourcecode.swift; path = LocationService.swift; sourceTree = "<group>"; };
/* End PBXFileReference section */

/* Begin PBXFrameworksBuildPhase section */
		226B544C2AE6EA4800CB4474 /* Frameworks */ = {
			isa = PBXFrameworksBuildPhase;
			buildActionMask = 2147483647;
			files = (
			);
			runOnlyForDeploymentPostprocessing = 0;
		};
/* End PBXFrameworksBuildPhase section */

/* Begin PBXGroup section */
		226B54462AE6EA4800CB4474 = {
			isa = PBXGroup;
			children = (
				226B54512AE6EA4800CB4474 /* BikeSharingApp */,
				226B54502AE6EA4800CB4474 /* Products */,
			);
			sourceTree = "<group>";
		};
		226B54502AE6EA4800CB4474 /* Products */ = {
			isa = PBXGroup;
			children = (
				226B544F2AE6EA4800CB4474 /* BikeSharingApp.app */,
			);
			name = Products;
			sourceTree = "<group>";
		};
		226B54512AE6EA4800CB4474 /* BikeSharingApp */ = {
			isa = PBXGroup;
			children = (
				226B54732AE711BB00CB4474 /* Coordinators */,
				226B546A2AE7102000CB4474 /* Services */,
				226B54662AE70EF000CB4474 /* Source */,
				226B54522AE6EA4800CB4474 /* AppDelegate.swift */,
				226B545B2AE6EA4A00CB4474 /* Assets.xcassets */,
				226B545D2AE6EA4A00CB4474 /* LaunchScreen.storyboard */,
				226B54602AE6EA4A00CB4474 /* Info.plist */,
			);
			path = BikeSharingApp;
			sourceTree = "<group>";
		};
		226B54662AE70EF000CB4474 /* Source */ = {
			isa = PBXGroup;
			children = (
				226B547B2AE712DA00CB4474 /* F */,
				226B54762AE711DE00CB4474 /* UI */,
				226B54672AE70EFC00CB4474 /* Models */,
			);
			path = Source;
			sourceTree = "<group>";
		};
		226B54672AE70EFC00CB4474 /* Models */ = {
			isa = PBXGroup;
			children = (
				226B54682AE70FDB00CB4474 /* FullModel.swift */,
				226B546E2AE710FB00CB4474 /* NetworkRequestModel.swift */,
			);
			path = Models;
			sourceTree = "<group>";
		};
		226B546A2AE7102000CB4474 /* Services */ = {
			isa = PBXGroup;
			children = (
				226B54912AE7C01E00CB4474 /* ServiceManager */,
				226B54972AE806E800CB4474 /* LocationService */,
				226B546B2AE7102A00CB4474 /* Networking */,
			);
			path = Services;
			sourceTree = "<group>";
		};
		226B546B2AE7102A00CB4474 /* Networking */ = {
			isa = PBXGroup;
			children = (
				226B54702AE7113C00CB4474 /* Service */,
				226B546C2AE7108100CB4474 /* NetworkManager.swift */,
			);
			path = Networking;
			sourceTree = "<group>";
		};
		226B54702AE7113C00CB4474 /* Service */ = {
			isa = PBXGroup;
			children = (
				226B54712AE7114F00CB4474 /* ServerConstants.swift */,
			);
			path = Service;
			sourceTree = "<group>";
		};
		226B54732AE711BB00CB4474 /* Coordinators */ = {
			isa = PBXGroup;
			children = (
				226B54742AE711C900CB4474 /* Coordinator.swift */,
			);
			path = Coordinators;
			sourceTree = "<group>";
		};
		226B54762AE711DE00CB4474 /* UI */ = {
			isa = PBXGroup;
			children = (
				226B54862AE7181A00CB4474 /* StationListTableViewCell */,
				226B54812AE7171B00CB4474 /* StationViewController */,
			);
			path = UI;
			sourceTree = "<group>";
		};
		226B547B2AE712DA00CB4474 /* F */ = {
			isa = PBXGroup;
			children = (
				226B547C2AE712DF00CB4474 /* Extensions */,
				226B547F2AE713FD00CB4474 /* F.swift */,
			);
			path = F;
			sourceTree = "<group>";
		};
		226B547C2AE712DF00CB4474 /* Extensions */ = {
			isa = PBXGroup;
			children = (
				226B547D2AE712F500CB4474 /* UViewController+ViewCast.swift */,
				226B548B2AE718CD00CB4474 /* TableView+CellRegistration.swift */,
			);
			path = Extensions;
			sourceTree = "<group>";
		};
		226B54812AE7171B00CB4474 /* StationViewController */ = {
			isa = PBXGroup;
			children = (
				226B54822AE7174400CB4474 /* StationListViewController.swift */,
				226B54832AE7174400CB4474 /* StationListViewController.xib */,
				226B54792AE7126800CB4474 /* StationListView.swift */,
			);
			path = StationViewController;
			sourceTree = "<group>";
		};
		226B54862AE7181A00CB4474 /* StationListTableViewCell */ = {
			isa = PBXGroup;
			children = (
				226B548D2AE719B300CB4474 /* StationListTableViewCell.swift */,
				226B548E2AE719B300CB4474 /* StationListTableViewCell.xib */,
			);
			path = StationListTableViewCell;
			sourceTree = "<group>";
		};
		226B54912AE7C01E00CB4474 /* ServiceManager */ = {
			isa = PBXGroup;
			children = (
				226B54922AE7C03C00CB4474 /* ServiceManager.swift */,
			);
			path = ServiceManager;
			sourceTree = "<group>";
		};
		226B54972AE806E800CB4474 /* LocationService */ = {
			isa = PBXGroup;
			children = (
				226B54982AE806FC00CB4474 /* LocationService.swift */,
			);
			path = LocationService;
			sourceTree = "<group>";
		};
/* End PBXGroup section */

/* Begin PBXNativeTarget section */
		226B544E2AE6EA4800CB4474 /* BikeSharingApp */ = {
			isa = PBXNativeTarget;
			buildConfigurationList = 226B54632AE6EA4A00CB4474 /* Build configuration list for PBXNativeTarget "BikeSharingApp" */;
			buildPhases = (
				226B544B2AE6EA4800CB4474 /* Sources */,
				226B544C2AE6EA4800CB4474 /* Frameworks */,
				226B544D2AE6EA4800CB4474 /* Resources */,
			);
			buildRules = (
			);
			dependencies = (
			);
			name = BikeSharingApp;
			productName = BikeSharingApp;
			productReference = 226B544F2AE6EA4800CB4474 /* BikeSharingApp.app */;
			productType = "com.apple.product-type.application";
		};
/* End PBXNativeTarget section */

/* Begin PBXProject section */
		226B54472AE6EA4800CB4474 /* Project object */ = {
			isa = PBXProject;
			attributes = {
				BuildIndependentTargetsInParallel = 1;
				LastSwiftUpdateCheck = 1420;
				LastUpgradeCheck = 1420;
				TargetAttributes = {
					226B544E2AE6EA4800CB4474 = {
						CreatedOnToolsVersion = 14.2;
					};
				};
			};
			buildConfigurationList = 226B544A2AE6EA4800CB4474 /* Build configuration list for PBXProject "BikeSharingApp" */;
			compatibilityVersion = "Xcode 14.0";
			developmentRegion = en;
			hasScannedForEncodings = 0;
			knownRegions = (
				en,
				Base,
			);
			mainGroup = 226B54462AE6EA4800CB4474;
			productRefGroup = 226B54502AE6EA4800CB4474 /* Products */;
			projectDirPath = "";
			projectRoot = "";
			targets = (
				226B544E2AE6EA4800CB4474 /* BikeSharingApp */,
			);
		};
/* End PBXProject section */

/* Begin PBXResourcesBuildPhase section */
		226B544D2AE6EA4800CB4474 /* Resources */ = {
			isa = PBXResourcesBuildPhase;
			buildActionMask = 2147483647;
			files = (
				226B545F2AE6EA4A00CB4474 /* LaunchScreen.storyboard in Resources */,
				226B54852AE7174400CB4474 /* StationListViewController.xib in Resources */,
				226B54902AE719B300CB4474 /* StationListTableViewCell.xib in Resources */,
				226B545C2AE6EA4A00CB4474 /* Assets.xcassets in Resources */,
			);
			runOnlyForDeploymentPostprocessing = 0;
		};
/* End PBXResourcesBuildPhase section */

/* Begin PBXSourcesBuildPhase section */
		226B544B2AE6EA4800CB4474 /* Sources */ = {
			isa = PBXSourcesBuildPhase;
			buildActionMask = 2147483647;
			files = (
				226B54992AE806FC00CB4474 /* LocationService.swift in Sources */,
				226B548C2AE718CD00CB4474 /* TableView+CellRegistration.swift in Sources */,
				226B54722AE7114F00CB4474 /* ServerConstants.swift in Sources */,
				226B54842AE7174400CB4474 /* StationListViewController.swift in Sources */,
				226B547A2AE7126800CB4474 /* StationListView.swift in Sources */,
				226B54932AE7C03C00CB4474 /* ServiceManager.swift in Sources */,
				226B546F2AE710FB00CB4474 /* NetworkRequestModel.swift in Sources */,
				226B54752AE711C900CB4474 /* Coordinator.swift in Sources */,
				226B546D2AE7108100CB4474 /* NetworkManager.swift in Sources */,
				226B54802AE713FD00CB4474 /* F.swift in Sources */,
				226B54692AE70FDB00CB4474 /* FullModel.swift in Sources */,
				226B547E2AE712F500CB4474 /* UViewController+ViewCast.swift in Sources */,
				226B548F2AE719B300CB4474 /* StationListTableViewCell.swift in Sources */,
				226B54532AE6EA4800CB4474 /* AppDelegate.swift in Sources */,
			);
			runOnlyForDeploymentPostprocessing = 0;
		};
/* End PBXSourcesBuildPhase section */

/* Begin PBXVariantGroup section */
		226B545D2AE6EA4A00CB4474 /* LaunchScreen.storyboard */ = {
			isa = PBXVariantGroup;
			children = (
				226B545E2AE6EA4A00CB4474 /* Base */,
			);
			name = LaunchScreen.storyboard;
			sourceTree = "<group>";
		};
/* End PBXVariantGroup section */

/* Begin XCBuildConfiguration section */
		226B54612AE6EA4A00CB4474 /* Debug */ = {
			isa = XCBuildConfiguration;
			buildSettings = {
				ALWAYS_SEARCH_USER_PATHS = NO;
				CLANG_ANALYZER_NONNULL = YES;
				CLANG_ANALYZER_NUMBER_OBJECT_CONVERSION = YES_AGGRESSIVE;
				CLANG_CXX_LANGUAGE_STANDARD = "gnu++20";
				CLANG_ENABLE_MODULES = YES;
				CLANG_ENABLE_OBJC_ARC = YES;
				CLANG_ENABLE_OBJC_WEAK = YES;
				CLANG_WARN_BLOCK_CAPTURE_AUTORELEASING = YES;
				CLANG_WARN_BOOL_CONVERSION = YES;
				CLANG_WARN_COMMA = YES;
				CLANG_WARN_CONSTANT_CONVERSION = YES;
				CLANG_WARN_DEPRECATED_OBJC_IMPLEMENTATIONS = YES;
				CLANG_WARN_DIRECT_OBJC_ISA_USAGE = YES_ERROR;
				CLANG_WARN_DOCUMENTATION_COMMENTS = YES;
				CLANG_WARN_EMPTY_BODY = YES;
				CLANG_WARN_ENUM_CONVERSION = YES;
				CLANG_WARN_INFINITE_RECURSION = YES;
				CLANG_WARN_INT_CONVERSION = YES;
				CLANG_WARN_NON_LITERAL_NULL_CONVERSION = YES;
				CLANG_WARN_OBJC_IMPLICIT_RETAIN_SELF = YES;
				CLANG_WARN_OBJC_LITERAL_CONVERSION = YES;
				CLANG_WARN_OBJC_ROOT_CLASS = YES_ERROR;
				CLANG_WARN_QUOTED_INCLUDE_IN_FRAMEWORK_HEADER = YES;
				CLANG_WARN_RANGE_LOOP_ANALYSIS = YES;
				CLANG_WARN_STRICT_PROTOTYPES = YES;
				CLANG_WARN_SUSPICIOUS_MOVE = YES;
				CLANG_WARN_UNGUARDED_AVAILABILITY = YES_AGGRESSIVE;
				CLANG_WARN_UNREACHABLE_CODE = YES;
				CLANG_WARN__DUPLICATE_METHOD_MATCH = YES;
				COPY_PHASE_STRIP = NO;
				DEBUG_INFORMATION_FORMAT = dwarf;
				ENABLE_STRICT_OBJC_MSGSEND = YES;
				ENABLE_TESTABILITY = YES;
				GCC_C_LANGUAGE_STANDARD = gnu11;
				GCC_DYNAMIC_NO_PIC = NO;
				GCC_NO_COMMON_BLOCKS = YES;
				GCC_OPTIMIZATION_LEVEL = 0;
				GCC_PREPROCESSOR_DEFINITIONS = (
					"DEBUG=1",
					"$(inherited)",
				);
				GCC_WARN_64_TO_32_BIT_CONVERSION = YES;
				GCC_WARN_ABOUT_RETURN_TYPE = YES_ERROR;
				GCC_WARN_UNDECLARED_SELECTOR = YES;
				GCC_WARN_UNINITIALIZED_AUTOS = YES_AGGRESSIVE;
				GCC_WARN_UNUSED_FUNCTION = YES;
				GCC_WARN_UNUSED_VARIABLE = YES;
				IPHONEOS_DEPLOYMENT_TARGET = 16.2;
				MTL_ENABLE_DEBUG_INFO = INCLUDE_SOURCE;
				MTL_FAST_MATH = YES;
				ONLY_ACTIVE_ARCH = YES;
				SDKROOT = iphoneos;
				SWIFT_ACTIVE_COMPILATION_CONDITIONS = DEBUG;
				SWIFT_OPTIMIZATION_LEVEL = "-Onone";
			};
			name = Debug;
		};
		226B54622AE6EA4A00CB4474 /* Release */ = {
			isa = XCBuildConfiguration;
			buildSettings = {
				ALWAYS_SEARCH_USER_PATHS = NO;
				CLANG_ANALYZER_NONNULL = YES;
				CLANG_ANALYZER_NUMBER_OBJECT_CONVERSION = YES_AGGRESSIVE;
				CLANG_CXX_LANGUAGE_STANDARD = "gnu++20";
				CLANG_ENABLE_MODULES = YES;
				CLANG_ENABLE_OBJC_ARC = YES;
				CLANG_ENABLE_OBJC_WEAK = YES;
				CLANG_WARN_BLOCK_CAPTURE_AUTORELEASING = YES;
				CLANG_WARN_BOOL_CONVERSION = YES;
				CLANG_WARN_COMMA = YES;
				CLANG_WARN_CONSTANT_CONVERSION = YES;
				CLANG_WARN_DEPRECATED_OBJC_IMPLEMENTATIONS = YES;
				CLANG_WARN_DIRECT_OBJC_ISA_USAGE = YES_ERROR;
				CLANG_WARN_DOCUMENTATION_COMMENTS = YES;
				CLANG_WARN_EMPTY_BODY = YES;
				CLANG_WARN_ENUM_CONVERSION = YES;
				CLANG_WARN_INFINITE_RECURSION = YES;
				CLANG_WARN_INT_CONVERSION = YES;
				CLANG_WARN_NON_LITERAL_NULL_CONVERSION = YES;
				CLANG_WARN_OBJC_IMPLICIT_RETAIN_SELF = YES;
				CLANG_WARN_OBJC_LITERAL_CONVERSION = YES;
				CLANG_WARN_OBJC_ROOT_CLASS = YES_ERROR;
				CLANG_WARN_QUOTED_INCLUDE_IN_FRAMEWORK_HEADER = YES;
				CLANG_WARN_RANGE_LOOP_ANALYSIS = YES;
				CLANG_WARN_STRICT_PROTOTYPES = YES;
				CLANG_WARN_SUSPICIOUS_MOVE = YES;
				CLANG_WARN_UNGUARDED_AVAILABILITY = YES_AGGRESSIVE;
				CLANG_WARN_UNREACHABLE_CODE = YES;
				CLANG_WARN__DUPLICATE_METHOD_MATCH = YES;
				COPY_PHASE_STRIP = NO;
				DEBUG_INFORMATION_FORMAT = "dwarf-with-dsym";
				ENABLE_NS_ASSERTIONS = NO;
				ENABLE_STRICT_OBJC_MSGSEND = YES;
				GCC_C_LANGUAGE_STANDARD = gnu11;
				GCC_NO_COMMON_BLOCKS = YES;
				GCC_WARN_64_TO_32_BIT_CONVERSION = YES;
				GCC_WARN_ABOUT_RETURN_TYPE = YES_ERROR;
				GCC_WARN_UNDECLARED_SELECTOR = YES;
				GCC_WARN_UNINITIALIZED_AUTOS = YES_AGGRESSIVE;
				GCC_WARN_UNUSED_FUNCTION = YES;
				GCC_WARN_UNUSED_VARIABLE = YES;
				IPHONEOS_DEPLOYMENT_TARGET = 16.2;
				MTL_ENABLE_DEBUG_INFO = NO;
				MTL_FAST_MATH = YES;
				SDKROOT = iphoneos;
				SWIFT_COMPILATION_MODE = wholemodule;
				SWIFT_OPTIMIZATION_LEVEL = "-O";
				VALIDATE_PRODUCT = YES;
			};
			name = Release;
		};
		226B54642AE6EA4A00CB4474 /* Debug */ = {
			isa = XCBuildConfiguration;
			buildSettings = {
				ASSETCATALOG_COMPILER_APPICON_NAME = AppIcon;
				ASSETCATALOG_COMPILER_GLOBAL_ACCENT_COLOR_NAME = AccentColor;
				CODE_SIGN_STYLE = Automatic;
				CURRENT_PROJECT_VERSION = 1;
				GENERATE_INFOPLIST_FILE = YES;
				INFOPLIST_FILE = BikeSharingApp/Info.plist;
				INFOPLIST_KEY_NSLocationWhenInUseUsageDescription = "";
				INFOPLIST_KEY_UIApplicationSupportsIndirectInputEvents = YES;
				INFOPLIST_KEY_UILaunchStoryboardName = LaunchScreen;
				INFOPLIST_KEY_UISupportedInterfaceOrientations_iPad = "UIInterfaceOrientationPortrait UIInterfaceOrientationPortraitUpsideDown UIInterfaceOrientationLandscapeLeft UIInterfaceOrientationLandscapeRight";
				INFOPLIST_KEY_UISupportedInterfaceOrientations_iPhone = "UIInterfaceOrientationPortrait UIInterfaceOrientationLandscapeLeft UIInterfaceOrientationLandscapeRight";
				LD_RUNPATH_SEARCH_PATHS = (
					"$(inherited)",
					"@executable_path/Frameworks",
				);
				MARKETING_VERSION = 1.0;
				PRODUCT_BUNDLE_IDENTIFIER = notACompany.BikeSharingApp;
				PRODUCT_NAME = "$(TARGET_NAME)";
				SWIFT_EMIT_LOC_STRINGS = YES;
				SWIFT_VERSION = 5.0;
				TARGETED_DEVICE_FAMILY = "1,2";
			};
			name = Debug;
		};
		226B54652AE6EA4A00CB4474 /* Release */ = {
			isa = XCBuildConfiguration;
			buildSettings = {
				ASSETCATALOG_COMPILER_APPICON_NAME = AppIcon;
				ASSETCATALOG_COMPILER_GLOBAL_ACCENT_COLOR_NAME = AccentColor;
				CODE_SIGN_STYLE = Automatic;
				CURRENT_PROJECT_VERSION = 1;
				GENERATE_INFOPLIST_FILE = YES;
				INFOPLIST_FILE = BikeSharingApp/Info.plist;
				INFOPLIST_KEY_NSLocationWhenInUseUsageDescription = "";
				INFOPLIST_KEY_UIApplicationSupportsIndirectInputEvents = YES;
				INFOPLIST_KEY_UILaunchStoryboardName = LaunchScreen;
				INFOPLIST_KEY_UISupportedInterfaceOrientations_iPad = "UIInterfaceOrientationPortrait UIInterfaceOrientationPortraitUpsideDown UIInterfaceOrientationLandscapeLeft UIInterfaceOrientationLandscapeRight";
				INFOPLIST_KEY_UISupportedInterfaceOrientations_iPhone = "UIInterfaceOrientationPortrait UIInterfaceOrientationLandscapeLeft UIInterfaceOrientationLandscapeRight";
				LD_RUNPATH_SEARCH_PATHS = (
					"$(inherited)",
					"@executable_path/Frameworks",
				);
				MARKETING_VERSION = 1.0;
				PRODUCT_BUNDLE_IDENTIFIER = notACompany.BikeSharingApp;
				PRODUCT_NAME = "$(TARGET_NAME)";
				SWIFT_EMIT_LOC_STRINGS = YES;
				SWIFT_VERSION = 5.0;
				TARGETED_DEVICE_FAMILY = "1,2";
			};
			name = Release;
		};
/* End XCBuildConfiguration section */

/* Begin XCConfigurationList section */
		226B544A2AE6EA4800CB4474 /* Build configuration list for PBXProject "BikeSharingApp" */ = {
			isa = XCConfigurationList;
			buildConfigurations = (
				226B54612AE6EA4A00CB4474 /* Debug */,
				226B54622AE6EA4A00CB4474 /* Release */,
			);
			defaultConfigurationIsVisible = 0;
			defaultConfigurationName = Release;
		};
		226B54632AE6EA4A00CB4474 /* Build configuration list for PBXNativeTarget "BikeSharingApp" */ = {
			isa = XCConfigurationList;
			buildConfigurations = (
				226B54642AE6EA4A00CB4474 /* Debug */,
				226B54652AE6EA4A00CB4474 /* Release */,
			);
			defaultConfigurationIsVisible = 0;
			defaultConfigurationName = Release;
		};
/* End XCConfigurationList section */
	};
	rootObject = 226B54472AE6EA4800CB4474 /* Project object */;
}
